// !$*UTF8*$!
{
	archiveVersion = 1;
	classes = {
	};
	objectVersion = 55;
	objects = {

/* Begin PBXBuildFile section */
		BC0D40A228A69E4A0066C8C7 /* DetailEditView.swift in Sources */ = {isa = PBXBuildFile; fileRef = BC0D40A128A69E4A0066C8C7 /* DetailEditView.swift */; };
		BC0D40A528A6D08E0066C8C7 /* ThemeView.swift in Sources */ = {isa = PBXBuildFile; fileRef = BC0D40A428A6D08E0066C8C7 /* ThemeView.swift */; };
		BC0D40A728A6D2F90066C8C7 /* ThemePickerView.swift in Sources */ = {isa = PBXBuildFile; fileRef = BC0D40A628A6D2F90066C8C7 /* ThemePickerView.swift */; };
		BC23AA7428A5457B006E0BD2 /* ScrumdingerApp.swift in Sources */ = {isa = PBXBuildFile; fileRef = BC23AA7328A5457B006E0BD2 /* ScrumdingerApp.swift */; };
		BC23AA7628A5457B006E0BD2 /* MeetingView.swift in Sources */ = {isa = PBXBuildFile; fileRef = BC23AA7528A5457B006E0BD2 /* MeetingView.swift */; };
		BC23AA7828A5457C006E0BD2 /* Assets.xcassets in Resources */ = {isa = PBXBuildFile; fileRef = BC23AA7728A5457C006E0BD2 /* Assets.xcassets */; };
		BC23AA7B28A5457C006E0BD2 /* Preview Assets.xcassets in Resources */ = {isa = PBXBuildFile; fileRef = BC23AA7A28A5457C006E0BD2 /* Preview Assets.xcassets */; };
		BC23AA8328A55586006E0BD2 /* Theme.swift in Sources */ = {isa = PBXBuildFile; fileRef = BC23AA8228A55586006E0BD2 /* Theme.swift */; };
		BC23AA8528A55A61006E0BD2 /* DailyScrum.swift in Sources */ = {isa = PBXBuildFile; fileRef = BC23AA8428A55A61006E0BD2 /* DailyScrum.swift */; };
		BC23AA8728A57444006E0BD2 /* CardView.swift in Sources */ = {isa = PBXBuildFile; fileRef = BC23AA8628A57444006E0BD2 /* CardView.swift */; };
		BC23AA8928A57818006E0BD2 /* TrailingIconLabelStyle.swift in Sources */ = {isa = PBXBuildFile; fileRef = BC23AA8828A57818006E0BD2 /* TrailingIconLabelStyle.swift */; };
		BC23AA8B28A584D7006E0BD2 /* ScrumsView.swift in Sources */ = {isa = PBXBuildFile; fileRef = BC23AA8A28A584D7006E0BD2 /* ScrumsView.swift */; };
		BC23AA8D28A59FB5006E0BD2 /* DetailView.swift in Sources */ = {isa = PBXBuildFile; fileRef = BC23AA8C28A59FB5006E0BD2 /* DetailView.swift */; };
/* End PBXBuildFile section */

/* Begin PBXFileReference section */
		BC0D40A128A69E4A0066C8C7 /* DetailEditView.swift */ = {isa = PBXFileReference; lastKnownFileType = sourcecode.swift; path = DetailEditView.swift; sourceTree = "<group>"; };
		BC0D40A428A6D08E0066C8C7 /* ThemeView.swift */ = {isa = PBXFileReference; lastKnownFileType = sourcecode.swift; path = ThemeView.swift; sourceTree = "<group>"; };
		BC0D40A628A6D2F90066C8C7 /* ThemePickerView.swift */ = {isa = PBXFileReference; lastKnownFileType = sourcecode.swift; path = ThemePickerView.swift; sourceTree = "<group>"; };
		BC23AA7028A5457B006E0BD2 /* Scrumdinger.app */ = {isa = PBXFileReference; explicitFileType = wrapper.application; includeInIndex = 0; path = Scrumdinger.app; sourceTree = BUILT_PRODUCTS_DIR; };
		BC23AA7328A5457B006E0BD2 /* ScrumdingerApp.swift */ = {isa = PBXFileReference; lastKnownFileType = sourcecode.swift; path = ScrumdingerApp.swift; sourceTree = "<group>"; };
		BC23AA7528A5457B006E0BD2 /* MeetingView.swift */ = {isa = PBXFileReference; lastKnownFileType = sourcecode.swift; path = MeetingView.swift; sourceTree = "<group>"; };
		BC23AA7728A5457C006E0BD2 /* Assets.xcassets */ = {isa = PBXFileReference; lastKnownFileType = folder.assetcatalog; path = Assets.xcassets; sourceTree = "<group>"; };
		BC23AA7A28A5457C006E0BD2 /* Preview Assets.xcassets */ = {isa = PBXFileReference; lastKnownFileType = folder.assetcatalog; path = "Preview Assets.xcassets"; sourceTree = "<group>"; };
		BC23AA8228A55586006E0BD2 /* Theme.swift */ = {isa = PBXFileReference; lastKnownFileType = sourcecode.swift; path = Theme.swift; sourceTree = "<group>"; };
		BC23AA8428A55A61006E0BD2 /* DailyScrum.swift */ = {isa = PBXFileReference; lastKnownFileType = sourcecode.swift; path = DailyScrum.swift; sourceTree = "<group>"; };
		BC23AA8628A57444006E0BD2 /* CardView.swift */ = {isa = PBXFileReference; lastKnownFileType = sourcecode.swift; path = CardView.swift; sourceTree = "<group>"; };
		BC23AA8828A57818006E0BD2 /* TrailingIconLabelStyle.swift */ = {isa = PBXFileReference; lastKnownFileType = sourcecode.swift; path = TrailingIconLabelStyle.swift; sourceTree = "<group>"; };
		BC23AA8A28A584D7006E0BD2 /* ScrumsView.swift */ = {isa = PBXFileReference; lastKnownFileType = sourcecode.swift; path = ScrumsView.swift; sourceTree = "<group>"; };
		BC23AA8C28A59FB5006E0BD2 /* DetailView.swift */ = {isa = PBXFileReference; lastKnownFileType = sourcecode.swift; path = DetailView.swift; sourceTree = "<group>"; };
/* End PBXFileReference section */

/* Begin PBXFrameworksBuildPhase section */
		BC23AA6D28A5457B006E0BD2 /* Frameworks */ = {
			isa = PBXFrameworksBuildPhase;
			buildActionMask = 2147483647;
			files = (
			);
			runOnlyForDeploymentPostprocessing = 0;
		};
/* End PBXFrameworksBuildPhase section */

/* Begin PBXGroup section */
		BC0D40A328A6D07C0066C8C7 /* Views */ = {
			isa = PBXGroup;
			children = (
				BC0D40A428A6D08E0066C8C7 /* ThemeView.swift */,
				BC0D40A628A6D2F90066C8C7 /* ThemePickerView.swift */,
				BC23AA7528A5457B006E0BD2 /* MeetingView.swift */,
				BC23AA8628A57444006E0BD2 /* CardView.swift */,
				BC23AA8A28A584D7006E0BD2 /* ScrumsView.swift */,
				BC23AA8C28A59FB5006E0BD2 /* DetailView.swift */,
				BC0D40A128A69E4A0066C8C7 /* DetailEditView.swift */,
			);
			path = Views;
			sourceTree = "<group>";
		};
		BC23AA6728A5457B006E0BD2 = {
			isa = PBXGroup;
			children = (
				BC23AA7228A5457B006E0BD2 /* Scrumdinger */,
				BC23AA7128A5457B006E0BD2 /* Products */,
			);
			sourceTree = "<group>";
		};
		BC23AA7128A5457B006E0BD2 /* Products */ = {
			isa = PBXGroup;
			children = (
				BC23AA7028A5457B006E0BD2 /* Scrumdinger.app */,
			);
			name = Products;
			sourceTree = "<group>";
		};
		BC23AA7228A5457B006E0BD2 /* Scrumdinger */ = {
			isa = PBXGroup;
			children = (
				BC0D40A328A6D07C0066C8C7 /* Views */,
				BC23AA8128A5555D006E0BD2 /* Models */,
				BC23AA7328A5457B006E0BD2 /* ScrumdingerApp.swift */,
				BC23AA8828A57818006E0BD2 /* TrailingIconLabelStyle.swift */,
				BC23AA7728A5457C006E0BD2 /* Assets.xcassets */,
				BC23AA7928A5457C006E0BD2 /* Preview Content */,
			);
			path = Scrumdinger;
			sourceTree = "<group>";
		};
		BC23AA7928A5457C006E0BD2 /* Preview Content */ = {
			isa = PBXGroup;
			children = (
				BC23AA7A28A5457C006E0BD2 /* Preview Assets.xcassets */,
			);
			path = "Preview Content";
			sourceTree = "<group>";
		};
		BC23AA8128A5555D006E0BD2 /* Models */ = {
			isa = PBXGroup;
			children = (
				BC23AA8228A55586006E0BD2 /* Theme.swift */,
				BC23AA8428A55A61006E0BD2 /* DailyScrum.swift */,
			);
			path = Models;
			sourceTree = "<group>";
		};
/* End PBXGroup section */

/* Begin PBXNativeTarget section */
		BC23AA6F28A5457B006E0BD2 /* Scrumdinger */ = {
			isa = PBXNativeTarget;
			buildConfigurationList = BC23AA7E28A5457C006E0BD2 /* Build configuration list for PBXNativeTarget "Scrumdinger" */;
			buildPhases = (
				BC23AA6C28A5457B006E0BD2 /* Sources */,
				BC23AA6D28A5457B006E0BD2 /* Frameworks */,
				BC23AA6E28A5457B006E0BD2 /* Resources */,
			);
			buildRules = (
			);
			dependencies = (
			);
			name = Scrumdinger;
			productName = Scrumdinger;
			productReference = BC23AA7028A5457B006E0BD2 /* Scrumdinger.app */;
			productType = "com.apple.product-type.application";
		};
/* End PBXNativeTarget section */

/* Begin PBXProject section */
		BC23AA6828A5457B006E0BD2 /* Project object */ = {
			isa = PBXProject;
			attributes = {
				BuildIndependentTargetsInParallel = 1;
				LastSwiftUpdateCheck = 1310;
				LastUpgradeCheck = 1310;
				TargetAttributes = {
					BC23AA6F28A5457B006E0BD2 = {
						CreatedOnToolsVersion = 13.1;
					};
				};
			};
			buildConfigurationList = BC23AA6B28A5457B006E0BD2 /* Build configuration list for PBXProject "Scrumdinger" */;
			compatibilityVersion = "Xcode 13.0";
			developmentRegion = en;
			hasScannedForEncodings = 0;
			knownRegions = (
				en,
				Base,
			);
			mainGroup = BC23AA6728A5457B006E0BD2;
			productRefGroup = BC23AA7128A5457B006E0BD2 /* Products */;
			projectDirPath = "";
			projectRoot = "";
			targets = (
				BC23AA6F28A5457B006E0BD2 /* Scrumdinger */,
			);
		};
/* End PBXProject section */

/* Begin PBXResourcesBuildPhase section */
		BC23AA6E28A5457B006E0BD2 /* Resources */ = {
			isa = PBXResourcesBuildPhase;
			buildActionMask = 2147483647;
			files = (
				BC23AA7B28A5457C006E0BD2 /* Preview Assets.xcassets in Resources */,
				BC23AA7828A5457C006E0BD2 /* Assets.xcassets in Resources */,
			);
			runOnlyForDeploymentPostprocessing = 0;
		};
/* End PBXResourcesBuildPhase section */

/* Begin PBXSourcesBuildPhase section */
		BC23AA6C28A5457B006E0BD2 /* Sources */ = {
			isa = PBXSourcesBuildPhase;
			buildActionMask = 2147483647;
			files = (
				BC23AA8528A55A61006E0BD2 /* DailyScrum.swift in Sources */,
				BC23AA8D28A59FB5006E0BD2 /* DetailView.swift in Sources */,
				BC0D40A228A69E4A0066C8C7 /* DetailEditView.swift in Sources */,
				BC23AA8928A57818006E0BD2 /* TrailingIconLabelStyle.swift in Sources */,
				BC23AA8328A55586006E0BD2 /* Theme.swift in Sources */,
				BC0D40A728A6D2F90066C8C7 /* ThemePickerView.swift in Sources */,
				BC23AA8B28A584D7006E0BD2 /* ScrumsView.swift in Sources */,
				BC23AA7628A5457B006E0BD2 /* MeetingView.swift in Sources */,
				BC23AA7428A5457B006E0BD2 /* ScrumdingerApp.swift in Sources */,
				BC0D40A528A6D08E0066C8C7 /* ThemeView.swift in Sources */,
				BC23AA8728A57444006E0BD2 /* CardView.swift in Sources */,
			);
			runOnlyForDeploymentPostprocessing = 0;
		};
/* End PBXSourcesBuildPhase section */

/* Begin XCBuildConfiguration section */
		BC23AA7C28A5457C006E0BD2 /* Debug */ = {
			isa = XCBuildConfiguration;
			buildSettings = {
				ALWAYS_SEARCH_USER_PATHS = NO;
				CLANG_ANALYZER_NONNULL = YES;
				CLANG_ANALYZER_NUMBER_OBJECT_CONVERSION = YES_AGGRESSIVE;
				CLANG_CXX_LANGUAGE_STANDARD = "gnu++17";
				CLANG_CXX_LIBRARY = "libc++";
				CLANG_ENABLE_MODULES = YES;
				CLANG_ENABLE_OBJC_ARC = YES;
				CLANG_ENABLE_OBJC_WEAK = YES;
				CLANG_WARN_BLOCK_CAPTURE_AUTORELEASING = YES;
				CLANG_WARN_BOOL_CONVERSION = YES;
				CLANG_WARN_COMMA = YES;
				CLANG_WARN_CONSTANT_CONVERSION = YES;
				CLANG_WARN_DEPRECATED_OBJC_IMPLEMENTATIONS = YES;
				CLANG_WARN_DIRECT_OBJC_ISA_USAGE = YES_ERROR;
				CLANG_WARN_DOCUMENTATION_COMMENTS = YES;
				CLANG_WARN_EMPTY_BODY = YES;
				CLANG_WARN_ENUM_CONVERSION = YES;
				CLANG_WARN_INFINITE_RECURSION = YES;
				CLANG_WARN_INT_CONVERSION = YES;
				CLANG_WARN_NON_LITERAL_NULL_CONVERSION = YES;
				CLANG_WARN_OBJC_IMPLICIT_RETAIN_SELF = YES;
				CLANG_WARN_OBJC_LITERAL_CONVERSION = YES;
				CLANG_WARN_OBJC_ROOT_CLASS = YES_ERROR;
				CLANG_WARN_QUOTED_INCLUDE_IN_FRAMEWORK_HEADER = YES;
				CLANG_WARN_RANGE_LOOP_ANALYSIS = YES;
				CLANG_WARN_STRICT_PROTOTYPES = YES;
				CLANG_WARN_SUSPICIOUS_MOVE = YES;
				CLANG_WARN_UNGUARDED_AVAILABILITY = YES_AGGRESSIVE;
				CLANG_WARN_UNREACHABLE_CODE = YES;
				CLANG_WARN__DUPLICATE_METHOD_MATCH = YES;
				COPY_PHASE_STRIP = NO;
				DEBUG_INFORMATION_FORMAT = dwarf;
				ENABLE_STRICT_OBJC_MSGSEND = YES;
				ENABLE_TESTABILITY = YES;
				GCC_C_LANGUAGE_STANDARD = gnu11;
				GCC_DYNAMIC_NO_PIC = NO;
				GCC_NO_COMMON_BLOCKS = YES;
				GCC_OPTIMIZATION_LEVEL = 0;
				GCC_PREPROCESSOR_DEFINITIONS = (
					"DEBUG=1",
					"$(inherited)",
				);
				GCC_WARN_64_TO_32_BIT_CONVERSION = YES;
				GCC_WARN_ABOUT_RETURN_TYPE = YES_ERROR;
				GCC_WARN_UNDECLARED_SELECTOR = YES;
				GCC_WARN_UNINITIALIZED_AUTOS = YES_AGGRESSIVE;
				GCC_WARN_UNUSED_FUNCTION = YES;
				GCC_WARN_UNUSED_VARIABLE = YES;
				IPHONEOS_DEPLOYMENT_TARGET = 15.0;
				MTL_ENABLE_DEBUG_INFO = INCLUDE_SOURCE;
				MTL_FAST_MATH = YES;
				ONLY_ACTIVE_ARCH = YES;
				SDKROOT = iphoneos;
				SWIFT_ACTIVE_COMPILATION_CONDITIONS = DEBUG;
				SWIFT_OPTIMIZATION_LEVEL = "-Onone";
			};
			name = Debug;
		};
		BC23AA7D28A5457C006E0BD2 /* Release */ = {
			isa = XCBuildConfiguration;
			buildSettings = {
				ALWAYS_SEARCH_USER_PATHS = NO;
				CLANG_ANALYZER_NONNULL = YES;
				CLANG_ANALYZER_NUMBER_OBJECT_CONVERSION = YES_AGGRESSIVE;
				CLANG_CXX_LANGUAGE_STANDARD = "gnu++17";
				CLANG_CXX_LIBRARY = "libc++";
				CLANG_ENABLE_MODULES = YES;
				CLANG_ENABLE_OBJC_ARC = YES;
				CLANG_ENABLE_OBJC_WEAK = YES;
				CLANG_WARN_BLOCK_CAPTURE_AUTORELEASING = YES;
				CLANG_WARN_BOOL_CONVERSION = YES;
				CLANG_WARN_COMMA = YES;
				CLANG_WARN_CONSTANT_CONVERSION = YES;
				CLANG_WARN_DEPRECATED_OBJC_IMPLEMENTATIONS = YES;
				CLANG_WARN_DIRECT_OBJC_ISA_USAGE = YES_ERROR;
				CLANG_WARN_DOCUMENTATION_COMMENTS = YES;
				CLANG_WARN_EMPTY_BODY = YES;
				CLANG_WARN_ENUM_CONVERSION = YES;
				CLANG_WARN_INFINITE_RECURSION = YES;
				CLANG_WARN_INT_CONVERSION = YES;
				CLANG_WARN_NON_LITERAL_NULL_CONVERSION = YES;
				CLANG_WARN_OBJC_IMPLICIT_RETAIN_SELF = YES;
				CLANG_WARN_OBJC_LITERAL_CONVERSION = YES;
				CLANG_WARN_OBJC_ROOT_CLASS = YES_ERROR;
				CLANG_WARN_QUOTED_INCLUDE_IN_FRAMEWORK_HEADER = YES;
				CLANG_WARN_RANGE_LOOP_ANALYSIS = YES;
				CLANG_WARN_STRICT_PROTOTYPES = YES;
				CLANG_WARN_SUSPICIOUS_MOVE = YES;
				CLANG_WARN_UNGUARDED_AVAILABILITY = YES_AGGRESSIVE;
				CLANG_WARN_UNREACHABLE_CODE = YES;
				CLANG_WARN__DUPLICATE_METHOD_MATCH = YES;
				COPY_PHASE_STRIP = NO;
				DEBUG_INFORMATION_FORMAT = "dwarf-with-dsym";
				ENABLE_NS_ASSERTIONS = NO;
				ENABLE_STRICT_OBJC_MSGSEND = YES;
				GCC_C_LANGUAGE_STANDARD = gnu11;
				GCC_NO_COMMON_BLOCKS = YES;
				GCC_WARN_64_TO_32_BIT_CONVERSION = YES;
				GCC_WARN_ABOUT_RETURN_TYPE = YES_ERROR;
				GCC_WARN_UNDECLARED_SELECTOR = YES;
				GCC_WARN_UNINITIALIZED_AUTOS = YES_AGGRESSIVE;
				GCC_WARN_UNUSED_FUNCTION = YES;
				GCC_WARN_UNUSED_VARIABLE = YES;
				IPHONEOS_DEPLOYMENT_TARGET = 15.0;
				MTL_ENABLE_DEBUG_INFO = NO;
				MTL_FAST_MATH = YES;
				SDKROOT = iphoneos;
				SWIFT_COMPILATION_MODE = wholemodule;
				SWIFT_OPTIMIZATION_LEVEL = "-O";
				VALIDATE_PRODUCT = YES;
			};
			name = Release;
		};
		BC23AA7F28A5457C006E0BD2 /* Debug */ = {
			isa = XCBuildConfiguration;
			buildSettings = {
				ASSETCATALOG_COMPILER_APPICON_NAME = AppIcon;
				ASSETCATALOG_COMPILER_GLOBAL_ACCENT_COLOR_NAME = AccentColor;
				CODE_SIGN_STYLE = Automatic;
				CURRENT_PROJECT_VERSION = 1;
				DEVELOPMENT_ASSET_PATHS = "\"Scrumdinger/Preview Content\"";
				ENABLE_PREVIEWS = YES;
				GENERATE_INFOPLIST_FILE = YES;
				INFOPLIST_KEY_UIApplicationSceneManifest_Generation = YES;
				INFOPLIST_KEY_UIApplicationSupportsIndirectInputEvents = YES;
				INFOPLIST_KEY_UILaunchScreen_Generation = YES;
				INFOPLIST_KEY_UISupportedInterfaceOrientations_iPad = "UIInterfaceOrientationPortrait UIInterfaceOrientationPortraitUpsideDown UIInterfaceOrientationLandscapeLeft UIInterfaceOrientationLandscapeRight";
				INFOPLIST_KEY_UISupportedInterfaceOrientations_iPhone = "UIInterfaceOrientationPortrait UIInterfaceOrientationLandscapeLeft UIInterfaceOrientationLandscapeRight";
				LD_RUNPATH_SEARCH_PATHS = (
					"$(inherited)",
					"@executable_path/Frameworks",
				);
				MARKETING_VERSION = 1.0;
				PRODUCT_BUNDLE_IDENTIFIER = com.oleandrobastos.Scrumdinger;
				PRODUCT_NAME = "$(TARGET_NAME)";
				SWIFT_EMIT_LOC_STRINGS = YES;
				SWIFT_VERSION = 5.0;
				TARGETED_DEVICE_FAMILY = "1,2";
			};
			name = Debug;
		};
		BC23AA8028A5457C006E0BD2 /* Release */ = {
			isa = XCBuildConfiguration;
			buildSettings = {
				ASSETCATALOG_COMPILER_APPICON_NAME = AppIcon;
				ASSETCATALOG_COMPILER_GLOBAL_ACCENT_COLOR_NAME = AccentColor;
				CODE_SIGN_STYLE = Automatic;
				CURRENT_PROJECT_VERSION = 1;
				DEVELOPMENT_ASSET_PATHS = "\"Scrumdinger/Preview Content\"";
				ENABLE_PREVIEWS = YES;
				GENERATE_INFOPLIST_FILE = YES;
				INFOPLIST_KEY_UIApplicationSceneManifest_Generation = YES;
				INFOPLIST_KEY_UIApplicationSupportsIndirectInputEvents = YES;
				INFOPLIST_KEY_UILaunchScreen_Generation = YES;
				INFOPLIST_KEY_UISupportedInterfaceOrientations_iPad = "UIInterfaceOrientationPortrait UIInterfaceOrientationPortraitUpsideDown UIInterfaceOrientationLandscapeLeft UIInterfaceOrientationLandscapeRight";
				INFOPLIST_KEY_UISupportedInterfaceOrientations_iPhone = "UIInterfaceOrientationPortrait UIInterfaceOrientationLandscapeLeft UIInterfaceOrientationLandscapeRight";
				LD_RUNPATH_SEARCH_PATHS = (
					"$(inherited)",
					"@executable_path/Frameworks",
				);
				MARKETING_VERSION = 1.0;
				PRODUCT_BUNDLE_IDENTIFIER = com.oleandrobastos.Scrumdinger;
				PRODUCT_NAME = "$(TARGET_NAME)";
				SWIFT_EMIT_LOC_STRINGS = YES;
				SWIFT_VERSION = 5.0;
				TARGETED_DEVICE_FAMILY = "1,2";
			};
			name = Release;
		};
/* End XCBuildConfiguration section */

/* Begin XCConfigurationList section */
		BC23AA6B28A5457B006E0BD2 /* Build configuration list for PBXProject "Scrumdinger" */ = {
			isa = XCConfigurationList;
			buildConfigurations = (
				BC23AA7C28A5457C006E0BD2 /* Debug */,
				BC23AA7D28A5457C006E0BD2 /* Release */,
			);
			defaultConfigurationIsVisible = 0;
			defaultConfigurationName = Release;
		};
		BC23AA7E28A5457C006E0BD2 /* Build configuration list for PBXNativeTarget "Scrumdinger" */ = {
			isa = XCConfigurationList;
			buildConfigurations = (
				BC23AA7F28A5457C006E0BD2 /* Debug */,
				BC23AA8028A5457C006E0BD2 /* Release */,
			);
			defaultConfigurationIsVisible = 0;
			defaultConfigurationName = Release;
		};
/* End XCConfigurationList section */
	};
	rootObject = BC23AA6828A5457B006E0BD2 /* Project object */;
}
